
Microsoft Visual Studio Solution File, Format Version 12.00
# Visual Studio Version 17
VisualStudioVersion = 17.9.34607.119
MinimumVisualStudioVersion = 10.0.40219.1
Project("{FAE04EC0-301F-11D3-BF4B-00C04F79EFBC}") = "Lab5ex1", "Lab5ex1\Lab5ex1.csproj", "{8FE43879-9B99-46A4-8C27-9CAE2B501413}"
EndProject
Project("{FAE04EC0-301F-11D3-BF4B-00C04F79EFBC}") = "Lab5ex2", "Lab5ex2\Lab5ex2.csproj", "{C4B36C4D-3217-4E6D-9CD1-B58C0B215C8C}"
EndProject
Project("{FAE04EC0-301F-11D3-BF4B-00C04F79EFBC}") = "Lab5ex3", "Lab5ex3\Lab5ex3.csproj", "{8AB1F3B9-C43D-481F-A964-35497EDC6117}"
EndProject
Project("{FAE04EC0-301F-11D3-BF4B-00C04F79EFBC}") = "Lab5ex4", "Lab5ex4\Lab5ex4.csproj", "{B9D4F927-1C4D-4394-A498-B0623D808C0F}"
EndProject
Project("{FAE04EC0-301F-11D3-BF4B-00C04F79EFBC}") = "Lab5ex5", "Lab5ex5\Lab5ex5.csproj", "{799625C6-F02B-4D4E-8433-CDFD025DD074}"
EndProject
Project("{FAE04EC0-301F-11D3-BF4B-00C04F79EFBC}") = "Lab5ex6", "Lab5ex6\Lab5ex6.csproj", "{7A2F8CE4-171A-4AFB-AEE9-EC781E6EE4B9}"
EndProject
Global
	GlobalSection(SolutionConfigurationPlatforms) = preSolution
		Debug|Any CPU = Debug|Any CPU
		Release|Any CPU = Release|Any CPU
	EndGlobalSection
	GlobalSection(ProjectConfigurationPlatforms) = postSolution
		{8FE43879-9B99-46A4-8C27-9CAE2B501413}.Debug|Any CPU.ActiveCfg = Debug|Any CPU
		{8FE43879-9B99-46A4-8C27-9CAE2B501413}.Debug|Any CPU.Build.0 = Debug|Any CPU
		{8FE43879-9B99-46A4-8C27-9CAE2B501413}.Release|Any CPU.ActiveCfg = Release|Any CPU
		{8FE43879-9B99-46A4-8C27-9CAE2B501413}.Release|Any CPU.Build.0 = Release|Any CPU
		{C4B36C4D-3217-4E6D-9CD1-B58C0B215C8C}.Debug|Any CPU.ActiveCfg = Debug|Any CPU
		{C4B36C4D-3217-4E6D-9CD1-B58C0B215C8C}.Debug|Any CPU.Build.0 = Debug|Any CPU
		{C4B36C4D-3217-4E6D-9CD1-B58C0B215C8C}.Release|Any CPU.ActiveCfg = Release|Any CPU
		{C4B36C4D-3217-4E6D-9CD1-B58C0B215C8C}.Release|Any CPU.Build.0 = Release|Any CPU
		{8AB1F3B9-C43D-481F-A964-35497EDC6117}.Debug|Any CPU.ActiveCfg = Debug|Any CPU
		{8AB1F3B9-C43D-481F-A964-35497EDC6117}.Debug|Any CPU.Build.0 = Debug|Any CPU
		{8AB1F3B9-C43D-481F-A964-35497EDC6117}.Release|Any CPU.ActiveCfg = Release|Any CPU
		{8AB1F3B9-C43D-481F-A964-35497EDC6117}.Release|Any CPU.Build.0 = Release|Any CPU
		{B9D4F927-1C4D-4394-A498-B0623D808C0F}.Debug|Any CPU.ActiveCfg = Debug|Any CPU
		{B9D4F927-1C4D-4394-A498-B0623D808C0F}.Debug|Any CPU.Build.0 = Debug|Any CPU
		{B9D4F927-1C4D-4394-A498-B0623D808C0F}.Release|Any CPU.ActiveCfg = Release|Any CPU
		{B9D4F927-1C4D-4394-A498-B0623D808C0F}.Release|Any CPU.Build.0 = Release|Any CPU
		{799625C6-F02B-4D4E-8433-CDFD025DD074}.Debug|Any CPU.ActiveCfg = Debug|Any CPU
		{799625C6-F02B-4D4E-8433-CDFD025DD074}.Debug|Any CPU.Build.0 = Debug|Any CPU
		{799625C6-F02B-4D4E-8433-CDFD025DD074}.Release|Any CPU.ActiveCfg = Release|Any CPU
		{799625C6-F02B-4D4E-8433-CDFD025DD074}.Release|Any CPU.Build.0 = Release|Any CPU
		{7A2F8CE4-171A-4AFB-AEE9-EC781E6EE4B9}.Debug|Any CPU.ActiveCfg = Debug|Any CPU
		{7A2F8CE4-171A-4AFB-AEE9-EC781E6EE4B9}.Debug|Any CPU.Build.0 = Debug|Any CPU
		{7A2F8CE4-171A-4AFB-AEE9-EC781E6EE4B9}.Release|Any CPU.ActiveCfg = Release|Any CPU
		{7A2F8CE4-171A-4AFB-AEE9-EC781E6EE4B9}.Release|Any CPU.Build.0 = Release|Any CPU
	EndGlobalSection
	GlobalSection(SolutionProperties) = preSolution
		HideSolutionNode = FALSE
	EndGlobalSection
	GlobalSection(ExtensibilityGlobals) = postSolution
		SolutionGuid = {AB028283-2C08-4797-A65A-4D8B63BD391C}
	EndGlobalSection
EndGlobal
